{
  "name": "roomy-frontend",
  "version": "1.0.0",
  "lockfileVersion": 1,
  "requires": true,
  "dependencies": {
    "@mdi/font": {
      "version": "4.8.95",
      "resolved": "https://registry.npmjs.org/@mdi/font/-/font-4.8.95.tgz",
      "integrity": "sha512-mfEjd6kkuheZ15CBU7g/q+De9+dah/SEgVH0uZsgCJTSYa+CkXIen35aNyHoixgcEfPV4Or0NLJvyYM5CXUnbQ=="
    },
    "bulma": {
      "version": "0.8.0",
      "resolved": "https://registry.npmjs.org/bulma/-/bulma-0.8.0.tgz",
      "integrity": "sha512-nhf3rGyiZh/VM7FrSJ/5KeLlfaFkXz0nYcXriynfPH4vVpnxnqyEwaNGdNCVzHyyCA3cHgkQAMpdF/SFbFGZfA=="
    }
  }
}
